
Microsoft Visual Studio Solution File, Format Version 11.00
# Visual Studio 2010
Project("{FAE04EC0-301F-11D3-BF4B-00C04F79EFBC}") = "Assembly-CSharp", "Assembly-CSharp.csproj", "{144D9279-0E25-DBED-BC75-E04A8EC5A240}"
EndProject
Project("{FAE04EC0-301F-11D3-BF4B-00C04F79EFBC}") = "Assembly-CSharp-Editor", "Assembly-CSharp-Editor.csproj", "{C73C491E-36DC-2108-57BD-33B6EDD24E71}"
EndProject
Global
	GlobalSection(SolutionConfigurationPlatforms) = preSolution
		Debug|Any CPU = Debug|Any CPU
		Release|Any CPU = Release|Any CPU
	EndGlobalSection
	GlobalSection(ProjectConfigurationPlatforms) = postSolution
		{144D9279-0E25-DBED-BC75-E04A8EC5A240}.Debug|Any CPU.ActiveCfg = Debug|Any CPU
		{144D9279-0E25-DBED-BC75-E04A8EC5A240}.Debug|Any CPU.Build.0 = Debug|Any CPU
		{144D9279-0E25-DBED-BC75-E04A8EC5A240}.Release|Any CPU.ActiveCfg = Release|Any CPU
		{144D9279-0E25-DBED-BC75-E04A8EC5A240}.Release|Any CPU.Build.0 = Release|Any CPU
		{C73C491E-36DC-2108-57BD-33B6EDD24E71}.Debug|Any CPU.ActiveCfg = Debug|Any CPU
		{C73C491E-36DC-2108-57BD-33B6EDD24E71}.Debug|Any CPU.Build.0 = Debug|Any CPU
		{C73C491E-36DC-2108-57BD-33B6EDD24E71}.Release|Any CPU.ActiveCfg = Release|Any CPU
		{C73C491E-36DC-2108-57BD-33B6EDD24E71}.Release|Any CPU.Build.0 = Release|Any CPU
	EndGlobalSection
	GlobalSection(SolutionProperties) = preSolution
		HideSolutionNode = FALSE
	EndGlobalSection
EndGlobal
